
Microsoft Visual Studio Solution File, Format Version 12.00
# Visual Studio 15
VisualStudioVersion = 15.0.28307.1259
MinimumVisualStudioVersion = 10.0.40219.1
Project("{FAE04EC0-301F-11D3-BF4B-00C04F79EFBC}") = "WF_SimulationMagasin", "WF_SimulationMagasin\WF_SimulationMagasin.csproj", "{5CB58AC9-40F3-44D1-B313-F4202AF69364}"
EndProject
Global
	GlobalSection(SolutionConfigurationPlatforms) = preSolution
		Debug|Any CPU = Debug|Any CPU
		Release|Any CPU = Release|Any CPU
	EndGlobalSection
	GlobalSection(ProjectConfigurationPlatforms) = postSolution
		{5CB58AC9-40F3-44D1-B313-F4202AF69364}.Debug|Any CPU.ActiveCfg = Debug|Any CPU
		{5CB58AC9-40F3-44D1-B313-F4202AF69364}.Debug|Any CPU.Build.0 = Debug|Any CPU
		{5CB58AC9-40F3-44D1-B313-F4202AF69364}.Release|Any CPU.ActiveCfg = Release|Any CPU
		{5CB58AC9-40F3-44D1-B313-F4202AF69364}.Release|Any CPU.Build.0 = Release|Any CPU
	EndGlobalSection
	GlobalSection(SolutionProperties) = preSolution
		HideSolutionNode = FALSE
	EndGlobalSection
	GlobalSection(ExtensibilityGlobals) = postSolution
		SolutionGuid = {87D45DF4-5D1D-4E8C-AB44-C0DEC5703DF9}
	EndGlobalSection
EndGlobal
